
Microsoft Visual Studio Solution File, Format Version 12.00
# Visual Studio Version 17
VisualStudioVersion = 17.14.36127.28
MinimumVisualStudioVersion = 10.0.40219.1
Project("{8BC9CEB8-8B4A-11D0-8D11-00A0C91BC942}") = "Zoo", "Zoo\Zoo.vcxproj", "{6928C0B6-0F2C-4C2B-A5BF-9FB530A8C92E}"
EndProject
Global
	GlobalSection(SolutionConfigurationPlatforms) = preSolution
		Debug|x64 = Debug|x64
		Debug|x86 = Debug|x86
		Release|x64 = Release|x64
		Release|x86 = Release|x86
	EndGlobalSection
	GlobalSection(ProjectConfigurationPlatforms) = postSolution
		{6928C0B6-0F2C-4C2B-A5BF-9FB530A8C92E}.Debug|x64.ActiveCfg = Debug|x64
		{6928C0B6-0F2C-4C2B-A5BF-9FB530A8C92E}.Debug|x64.Build.0 = Debug|x64
		{6928C0B6-0F2C-4C2B-A5BF-9FB530A8C92E}.Debug|x86.ActiveCfg = Debug|Win32
		{6928C0B6-0F2C-4C2B-A5BF-9FB530A8C92E}.Debug|x86.Build.0 = Debug|Win32
		{6928C0B6-0F2C-4C2B-A5BF-9FB530A8C92E}.Release|x64.ActiveCfg = Release|x64
		{6928C0B6-0F2C-4C2B-A5BF-9FB530A8C92E}.Release|x64.Build.0 = Release|x64
		{6928C0B6-0F2C-4C2B-A5BF-9FB530A8C92E}.Release|x86.ActiveCfg = Release|Win32
		{6928C0B6-0F2C-4C2B-A5BF-9FB530A8C92E}.Release|x86.Build.0 = Release|Win32
	EndGlobalSection
	GlobalSection(SolutionProperties) = preSolution
		HideSolutionNode = FALSE
	EndGlobalSection
	GlobalSection(ExtensibilityGlobals) = postSolution
		SolutionGuid = {1F295F30-7324-4515-92B9-21DDEDDB4EE6}
	EndGlobalSection
EndGlobal
